
Microsoft Visual Studio Solution File, Format Version 12.00
# Visual Studio Version 17
VisualStudioVersion = 17.7.34031.279
MinimumVisualStudioVersion = 10.0.40219.1
Project("{8BC9CEB8-8B4A-11D0-8D11-00A0C91BC942}") = "Editor_Window", "Editor_Window\Editor_Window.vcxproj", "{3AA2E1C8-785F-48B9-BBD9-6AB06DA64734}"
EndProject
Project("{8BC9CEB8-8B4A-11D0-8D11-00A0C91BC942}") = "Inny_Engine_Window", "Inny_Engine_Window\Inny_Engine_Window.vcxproj", "{CF577996-5CB6-49B2-9AAD-A5377F63BD50}"
EndProject
Project("{8BC9CEB8-8B4A-11D0-8D11-00A0C91BC942}") = "Inny_Engine_SOURCE", "Inny_Engine_SOURCE\Inny_Engine_SOURCE.vcxitems", "{20876D90-3EC2-44D1-9C46-40FD4B8190BF}"
EndProject
Global
	GlobalSection(SolutionConfigurationPlatforms) = preSolution
		Debug|x64 = Debug|x64
		Debug|x86 = Debug|x86
		Release|x64 = Release|x64
		Release|x86 = Release|x86
	EndGlobalSection
	GlobalSection(ProjectConfigurationPlatforms) = postSolution
		{3AA2E1C8-785F-48B9-BBD9-6AB06DA64734}.Debug|x64.ActiveCfg = Debug|x64
		{3AA2E1C8-785F-48B9-BBD9-6AB06DA64734}.Debug|x64.Build.0 = Debug|x64
		{3AA2E1C8-785F-48B9-BBD9-6AB06DA64734}.Debug|x86.ActiveCfg = Debug|Win32
		{3AA2E1C8-785F-48B9-BBD9-6AB06DA64734}.Debug|x86.Build.0 = Debug|Win32
		{3AA2E1C8-785F-48B9-BBD9-6AB06DA64734}.Release|x64.ActiveCfg = Release|x64
		{3AA2E1C8-785F-48B9-BBD9-6AB06DA64734}.Release|x64.Build.0 = Release|x64
		{3AA2E1C8-785F-48B9-BBD9-6AB06DA64734}.Release|x86.ActiveCfg = Release|Win32
		{3AA2E1C8-785F-48B9-BBD9-6AB06DA64734}.Release|x86.Build.0 = Release|Win32
		{CF577996-5CB6-49B2-9AAD-A5377F63BD50}.Debug|x64.ActiveCfg = Debug|x64
		{CF577996-5CB6-49B2-9AAD-A5377F63BD50}.Debug|x64.Build.0 = Debug|x64
		{CF577996-5CB6-49B2-9AAD-A5377F63BD50}.Debug|x86.ActiveCfg = Debug|Win32
		{CF577996-5CB6-49B2-9AAD-A5377F63BD50}.Debug|x86.Build.0 = Debug|Win32
		{CF577996-5CB6-49B2-9AAD-A5377F63BD50}.Release|x64.ActiveCfg = Release|x64
		{CF577996-5CB6-49B2-9AAD-A5377F63BD50}.Release|x64.Build.0 = Release|x64
		{CF577996-5CB6-49B2-9AAD-A5377F63BD50}.Release|x86.ActiveCfg = Release|Win32
		{CF577996-5CB6-49B2-9AAD-A5377F63BD50}.Release|x86.Build.0 = Release|Win32
	EndGlobalSection
	GlobalSection(SolutionProperties) = preSolution
		HideSolutionNode = FALSE
	EndGlobalSection
	GlobalSection(ExtensibilityGlobals) = postSolution
		SolutionGuid = {8C260067-C1B3-4495-BDD9-8CF5D1D11DA0}
	EndGlobalSection
	GlobalSection(SharedMSBuildProjectFiles) = preSolution
		Inny_Engine_SOURCE\Inny_Engine_SOURCE.vcxitems*{20876d90-3ec2-44d1-9c46-40fd4b8190bf}*SharedItemsImports = 9
		Inny_Engine_SOURCE\Inny_Engine_SOURCE.vcxitems*{cf577996-5cb6-49b2-9aad-a5377f63bd50}*SharedItemsImports = 4
	EndGlobalSection
EndGlobal
