<?xml version="1.0" encoding="utf-8"?>
<Project ToolsVersion="4.0" xmlns="http://schemas.microsoft.com/developer/msbuild/2003">
  <ItemGroup>
    <Filter Include="Scenes">
      <UniqueIdentifier>{84f6b343-3c23-4f34-b0a0-0050e7734197}</UniqueIdentifier>
    </Filter>
    <Filter Include="Scenes\PlayScene">
      <UniqueIdentifier>{e7cc7db8-f391-46a9-9012-0768a5788cb6}</UniqueIdentifier>
    </Filter>
    <Filter Include="Scenes\EndScene">
      <UniqueIdentifier>{a59f14ed-4f59-4652-bfe5-8be744d9619c}</UniqueIdentifier>
    </Filter>
    <Filter Include="Scenes\TitleScene">
      <UniqueIdentifier>{951f474f-831e-4033-80f5-77310f1e31db}</UniqueIdentifier>
    </Filter>
  </ItemGroup>
  <ItemGroup>
    <ClInclude Include="iLoadScenes.h">
      <Filter>Scenes</Filter>
    </ClInclude>
    <ClInclude Include="iEndScene.h">
      <Filter>Scenes\EndScene</Filter>
    </ClInclude>
    <ClInclude Include="iPlayScene.h">
      <Filter>Scenes\PlayScene</Filter>
    </ClInclude>
    <ClInclude Include="iTitleScene.h">
      <Filter>Scenes\TitleScene</Filter>
    </ClInclude>
  </ItemGroup>
  <ItemGroup>
    <ClCompile Include="iEndScene.cpp">
      <Filter>Scenes\EndScene</Filter>
    </ClCompile>
    <ClCompile Include="iPlayScene.cpp">
      <Filter>Scenes\PlayScene</Filter>
    </ClCompile>
    <ClCompile Include="iTitleScene.cpp">
      <Filter>Scenes\TitleScene</Filter>
    </ClCompile>
  </ItemGroup>
</Project>